// !$*UTF8*$!
{
	archiveVersion = 1;
	classes = {
	};
	objectVersion = 46;
	objects = {

/* Begin PBXBuildFile section */
		3F2228BB1F6CBE020025AD5C /* YHWine.m in Sources */ = {isa = PBXBuildFile; fileRef = 3F2228BA1F6CBE020025AD5C /* YHWine.m */; };
		3F2228D21F6CC01B0025AD5C /* MJExtensionConst.m in Sources */ = {isa = PBXBuildFile; fileRef = 3F2228BF1F6CC01B0025AD5C /* MJExtensionConst.m */; };
		3F2228D31F6CC01B0025AD5C /* MJFoundation.m in Sources */ = {isa = PBXBuildFile; fileRef = 3F2228C11F6CC01B0025AD5C /* MJFoundation.m */; };
		3F2228D41F6CC01B0025AD5C /* MJProperty.m in Sources */ = {isa = PBXBuildFile; fileRef = 3F2228C31F6CC01B0025AD5C /* MJProperty.m */; };
		3F2228D51F6CC01B0025AD5C /* MJPropertyKey.m in Sources */ = {isa = PBXBuildFile; fileRef = 3F2228C51F6CC01B0025AD5C /* MJPropertyKey.m */; };
		3F2228D61F6CC01B0025AD5C /* MJPropertyType.m in Sources */ = {isa = PBXBuildFile; fileRef = 3F2228C71F6CC01B0025AD5C /* MJPropertyType.m */; };
		3F2228D71F6CC01B0025AD5C /* NSObject+MJClass.m in Sources */ = {isa = PBXBuildFile; fileRef = 3F2228C91F6CC01B0025AD5C /* NSObject+MJClass.m */; };
		3F2228D81F6CC01B0025AD5C /* NSObject+MJCoding.m in Sources */ = {isa = PBXBuildFile; fileRef = 3F2228CB1F6CC01B0025AD5C /* NSObject+MJCoding.m */; };
		3F2228D91F6CC01B0025AD5C /* NSObject+MJKeyValue.m in Sources */ = {isa = PBXBuildFile; fileRef = 3F2228CD1F6CC01B0025AD5C /* NSObject+MJKeyValue.m */; };
		3F2228DA1F6CC01B0025AD5C /* NSObject+MJProperty.m in Sources */ = {isa = PBXBuildFile; fileRef = 3F2228CF1F6CC01B0025AD5C /* NSObject+MJProperty.m */; };
		3F2228DB1F6CC01B0025AD5C /* NSString+MJExtension.m in Sources */ = {isa = PBXBuildFile; fileRef = 3F2228D11F6CC01B0025AD5C /* NSString+MJExtension.m */; };
		3F6CAA311F68D7D800E0F661 /* main.m in Sources */ = {isa = PBXBuildFile; fileRef = 3F6CAA301F68D7D800E0F661 /* main.m */; };
		3F6CAA341F68D7D800E0F661 /* AppDelegate.m in Sources */ = {isa = PBXBuildFile; fileRef = 3F6CAA331F68D7D800E0F661 /* AppDelegate.m */; };
		3F6CAA371F68D7D800E0F661 /* ViewController.m in Sources */ = {isa = PBXBuildFile; fileRef = 3F6CAA361F68D7D800E0F661 /* ViewController.m */; };
		3F6CAA3A1F68D7D800E0F661 /* Main.storyboard in Resources */ = {isa = PBXBuildFile; fileRef = 3F6CAA381F68D7D800E0F661 /* Main.storyboard */; };
		3F6CAA3C1F68D7D800E0F661 /* Assets.xcassets in Resources */ = {isa = PBXBuildFile; fileRef = 3F6CAA3B1F68D7D800E0F661 /* Assets.xcassets */; };
		3F6CAA3F1F68D7D800E0F661 /* LaunchScreen.storyboard in Resources */ = {isa = PBXBuildFile; fileRef = 3F6CAA3D1F68D7D800E0F661 /* LaunchScreen.storyboard */; };
		3F6CAA4A1F68D7D800E0F661 /* UITableViewTests.m in Sources */ = {isa = PBXBuildFile; fileRef = 3F6CAA491F68D7D800E0F661 /* UITableViewTests.m */; };
		3F6CAA551F68D7D800E0F661 /* UITableViewUITests.m in Sources */ = {isa = PBXBuildFile; fileRef = 3F6CAA541F68D7D800E0F661 /* UITableViewUITests.m */; };
		3F6CAA641F68D9C700E0F661 /* CustomTableViewCell.m in Sources */ = {isa = PBXBuildFile; fileRef = 3F6CAA631F68D9C700E0F661 /* CustomTableViewCell.m */; };
		3F6CAA671F6903C300E0F661 /* CustomButton.m in Sources */ = {isa = PBXBuildFile; fileRef = 3F6CAA661F6903C300E0F661 /* CustomButton.m */; };
		3F7BBF7C1FD7BBDD00E6FAD2 /* wine.plist in Resources */ = {isa = PBXBuildFile; fileRef = 3F7BBF7B1FD7BBDD00E6FAD2 /* wine.plist */; };
		3FD6E6581F6A5FBB00642473 /* YHbutton.m in Sources */ = {isa = PBXBuildFile; fileRef = 3FD6E6571F6A5FBB00642473 /* YHbutton.m */; };
/* End PBXBuildFile section */

/* Begin PBXContainerItemProxy section */
		3F6CAA461F68D7D800E0F661 /* PBXContainerItemProxy */ = {
			isa = PBXContainerItemProxy;
			containerPortal = 3F6CAA241F68D7D800E0F661 /* Project object */;
			proxyType = 1;
			remoteGlobalIDString = 3F6CAA2B1F68D7D800E0F661;
			remoteInfo = UITableView;
		};
		3F6CAA511F68D7D800E0F661 /* PBXContainerItemProxy */ = {
			isa = PBXContainerItemProxy;
			containerPortal = 3F6CAA241F68D7D800E0F661 /* Project object */;
			proxyType = 1;
			remoteGlobalIDString = 3F6CAA2B1F68D7D800E0F661;
			remoteInfo = UITableView;
		};
/* End PBXContainerItemProxy section */

/* Begin PBXFileReference section */
		3F044A961FD7B06F00D31BAA /* wine.plist */ = {isa = PBXFileReference; lastKnownFileType = text.plist.xml; path = wine.plist; sourceTree = "<group>"; };
		3F2228B91F6CBE020025AD5C /* YHWine.h */ = {isa = PBXFileReference; fileEncoding = 4; lastKnownFileType = sourcecode.c.h; path = YHWine.h; sourceTree = "<group>"; };
		3F2228BA1F6CBE020025AD5C /* YHWine.m */ = {isa = PBXFileReference; fileEncoding = 4; lastKnownFileType = sourcecode.c.objc; path = YHWine.m; sourceTree = "<group>"; };
		3F2228BD1F6CC01B0025AD5C /* MJExtension.h */ = {isa = PBXFileReference; fileEncoding = 4; lastKnownFileType = sourcecode.c.h; path = MJExtension.h; sourceTree = "<group>"; };
		3F2228BE1F6CC01B0025AD5C /* MJExtensionConst.h */ = {isa = PBXFileReference; fileEncoding = 4; lastKnownFileType = sourcecode.c.h; path = MJExtensionConst.h; sourceTree = "<group>"; };
		3F2228BF1F6CC01B0025AD5C /* MJExtensionConst.m */ = {isa = PBXFileReference; fileEncoding = 4; lastKnownFileType = sourcecode.c.objc; path = MJExtensionConst.m; sourceTree = "<group>"; };
		3F2228C01F6CC01B0025AD5C /* MJFoundation.h */ = {isa = PBXFileReference; fileEncoding = 4; lastKnownFileType = sourcecode.c.h; path = MJFoundation.h; sourceTree = "<group>"; };
		3F2228C11F6CC01B0025AD5C /* MJFoundation.m */ = {isa = PBXFileReference; fileEncoding = 4; lastKnownFileType = sourcecode.c.objc; path = MJFoundation.m; sourceTree = "<group>"; };
		3F2228C21F6CC01B0025AD5C /* MJProperty.h */ = {isa = PBXFileReference; fileEncoding = 4; lastKnownFileType = sourcecode.c.h; path = MJProperty.h; sourceTree = "<group>"; };
		3F2228C31F6CC01B0025AD5C /* MJProperty.m */ = {isa = PBXFileReference; fileEncoding = 4; lastKnownFileType = sourcecode.c.objc; path = MJProperty.m; sourceTree = "<group>"; };
		3F2228C41F6CC01B0025AD5C /* MJPropertyKey.h */ = {isa = PBXFileReference; fileEncoding = 4; lastKnownFileType = sourcecode.c.h; path = MJPropertyKey.h; sourceTree = "<group>"; };
		3F2228C51F6CC01B0025AD5C /* MJPropertyKey.m */ = {isa = PBXFileReference; fileEncoding = 4; lastKnownFileType = sourcecode.c.objc; path = MJPropertyKey.m; sourceTree = "<group>"; };
		3F2228C61F6CC01B0025AD5C /* MJPropertyType.h */ = {isa = PBXFileReference; fileEncoding = 4; lastKnownFileType = sourcecode.c.h; path = MJPropertyType.h; sourceTree = "<group>"; };
		3F2228C71F6CC01B0025AD5C /* MJPropertyType.m */ = {isa = PBXFileReference; fileEncoding = 4; lastKnownFileType = sourcecode.c.objc; path = MJPropertyType.m; sourceTree = "<group>"; };
		3F2228C81F6CC01B0025AD5C /* NSObject+MJClass.h */ = {isa = PBXFileReference; fileEncoding = 4; lastKnownFileType = sourcecode.c.h; path = "NSObject+MJClass.h"; sourceTree = "<group>"; };
		3F2228C91F6CC01B0025AD5C /* NSObject+MJClass.m */ = {isa = PBXFileReference; fileEncoding = 4; lastKnownFileType = sourcecode.c.objc; path = "NSObject+MJClass.m"; sourceTree = "<group>"; };
		3F2228CA1F6CC01B0025AD5C /* NSObject+MJCoding.h */ = {isa = PBXFileReference; fileEncoding = 4; lastKnownFileType = sourcecode.c.h; path = "NSObject+MJCoding.h"; sourceTree = "<group>"; };
		3F2228CB1F6CC01B0025AD5C /* NSObject+MJCoding.m */ = {isa = PBXFileReference; fileEncoding = 4; lastKnownFileType = sourcecode.c.objc; path = "NSObject+MJCoding.m"; sourceTree = "<group>"; };
		3F2228CC1F6CC01B0025AD5C /* NSObject+MJKeyValue.h */ = {isa = PBXFileReference; fileEncoding = 4; lastKnownFileType = sourcecode.c.h; path = "NSObject+MJKeyValue.h"; sourceTree = "<group>"; };
		3F2228CD1F6CC01B0025AD5C /* NSObject+MJKeyValue.m */ = {isa = PBXFileReference; fileEncoding = 4; lastKnownFileType = sourcecode.c.objc; path = "NSObject+MJKeyValue.m"; sourceTree = "<group>"; };
		3F2228CE1F6CC01B0025AD5C /* NSObject+MJProperty.h */ = {isa = PBXFileReference; fileEncoding = 4; lastKnownFileType = sourcecode.c.h; path = "NSObject+MJProperty.h"; sourceTree = "<group>"; };
		3F2228CF1F6CC01B0025AD5C /* NSObject+MJProperty.m */ = {isa = PBXFileReference; fileEncoding = 4; lastKnownFileType = sourcecode.c.objc; path = "NSObject+MJProperty.m"; sourceTree = "<group>"; };
		3F2228D01F6CC01B0025AD5C /* NSString+MJExtension.h */ = {isa = PBXFileReference; fileEncoding = 4; lastKnownFileType = sourcecode.c.h; path = "NSString+MJExtension.h"; sourceTree = "<group>"; };
		3F2228D11F6CC01B0025AD5C /* NSString+MJExtension.m */ = {isa = PBXFileReference; fileEncoding = 4; lastKnownFileType = sourcecode.c.objc; path = "NSString+MJExtension.m"; sourceTree = "<group>"; };
		3F6CAA2C1F68D7D800E0F661 /* UITableView.app */ = {isa = PBXFileReference; explicitFileType = wrapper.application; includeInIndex = 0; path = UITableView.app; sourceTree = BUILT_PRODUCTS_DIR; };
		3F6CAA301F68D7D800E0F661 /* main.m */ = {isa = PBXFileReference; lastKnownFileType = sourcecode.c.objc; path = main.m; sourceTree = "<group>"; };
		3F6CAA321F68D7D800E0F661 /* AppDelegate.h */ = {isa = PBXFileReference; lastKnownFileType = sourcecode.c.h; path = AppDelegate.h; sourceTree = "<group>"; };
		3F6CAA331F68D7D800E0F661 /* AppDelegate.m */ = {isa = PBXFileReference; lastKnownFileType = sourcecode.c.objc; path = AppDelegate.m; sourceTree = "<group>"; };
		3F6CAA351F68D7D800E0F661 /* ViewController.h */ = {isa = PBXFileReference; lastKnownFileType = sourcecode.c.h; path = ViewController.h; sourceTree = "<group>"; };
		3F6CAA361F68D7D800E0F661 /* ViewController.m */ = {isa = PBXFileReference; lastKnownFileType = sourcecode.c.objc; path = ViewController.m; sourceTree = "<group>"; };
		3F6CAA391F68D7D800E0F661 /* Base */ = {isa = PBXFileReference; lastKnownFileType = file.storyboard; name = Base; path = Base.lproj/Main.storyboard; sourceTree = "<group>"; };
		3F6CAA3B1F68D7D800E0F661 /* Assets.xcassets */ = {isa = PBXFileReference; lastKnownFileType = folder.assetcatalog; path = Assets.xcassets; sourceTree = "<group>"; };
		3F6CAA3E1F68D7D800E0F661 /* Base */ = {isa = PBXFileReference; lastKnownFileType = file.storyboard; name = Base; path = Base.lproj/LaunchScreen.storyboard; sourceTree = "<group>"; };
		3F6CAA401F68D7D800E0F661 /* Info.plist */ = {isa = PBXFileReference; lastKnownFileType = text.plist.xml; path = Info.plist; sourceTree = "<group>"; };
		3F6CAA451F68D7D800E0F661 /* UITableViewTests.xctest */ = {isa = PBXFileReference; explicitFileType = wrapper.cfbundle; includeInIndex = 0; path = UITableViewTests.xctest; sourceTree = BUILT_PRODUCTS_DIR; };
		3F6CAA491F68D7D800E0F661 /* UITableViewTests.m */ = {isa = PBXFileReference; lastKnownFileType = sourcecode.c.objc; path = UITableViewTests.m; sourceTree = "<group>"; };
		3F6CAA4B1F68D7D800E0F661 /* Info.plist */ = {isa = PBXFileReference; lastKnownFileType = text.plist.xml; path = Info.plist; sourceTree = "<group>"; };
		3F6CAA501F68D7D800E0F661 /* UITableViewUITests.xctest */ = {isa = PBXFileReference; explicitFileType = wrapper.cfbundle; includeInIndex = 0; path = UITableViewUITests.xctest; sourceTree = BUILT_PRODUCTS_DIR; };
		3F6CAA541F68D7D800E0F661 /* UITableViewUITests.m */ = {isa = PBXFileReference; lastKnownFileType = sourcecode.c.objc; path = UITableViewUITests.m; sourceTree = "<group>"; };
		3F6CAA561F68D7D800E0F661 /* Info.plist */ = {isa = PBXFileReference; lastKnownFileType = text.plist.xml; path = Info.plist; sourceTree = "<group>"; };
		3F6CAA621F68D9C700E0F661 /* CustomTableViewCell.h */ = {isa = PBXFileReference; fileEncoding = 4; lastKnownFileType = sourcecode.c.h; path = CustomTableViewCell.h; sourceTree = "<group>"; };
		3F6CAA631F68D9C700E0F661 /* CustomTableViewCell.m */ = {isa = PBXFileReference; fileEncoding = 4; lastKnownFileType = sourcecode.c.objc; path = CustomTableViewCell.m; sourceTree = "<group>"; };
		3F6CAA651F6903C300E0F661 /* CustomButton.h */ = {isa = PBXFileReference; fileEncoding = 4; lastKnownFileType = sourcecode.c.h; path = CustomButton.h; sourceTree = "<group>"; };
		3F6CAA661F6903C300E0F661 /* CustomButton.m */ = {isa = PBXFileReference; fileEncoding = 4; lastKnownFileType = sourcecode.c.objc; path = CustomButton.m; sourceTree = "<group>"; };
		3F7BBF7B1FD7BBDD00E6FAD2 /* wine.plist */ = {isa = PBXFileReference; fileEncoding = 4; lastKnownFileType = text.plist.xml; path = wine.plist; sourceTree = "<group>"; };
		3FD6E6561F6A5FBB00642473 /* YHbutton.h */ = {isa = PBXFileReference; fileEncoding = 4; lastKnownFileType = sourcecode.c.h; path = YHbutton.h; sourceTree = "<group>"; };
		3FD6E6571F6A5FBB00642473 /* YHbutton.m */ = {isa = PBXFileReference; fileEncoding = 4; lastKnownFileType = sourcecode.c.objc; path = YHbutton.m; sourceTree = "<group>"; };
/* End PBXFileReference section */

/* Begin PBXFrameworksBuildPhase section */
		3F6CAA291F68D7D800E0F661 /* Frameworks */ = {
			isa = PBXFrameworksBuildPhase;
			buildActionMask = 2147483647;
			files = (
			);
			runOnlyForDeploymentPostprocessing = 0;
		};
		3F6CAA421F68D7D800E0F661 /* Frameworks */ = {
			isa = PBXFrameworksBuildPhase;
			buildActionMask = 2147483647;
			files = (
			);
			runOnlyForDeploymentPostprocessing = 0;
		};
		3F6CAA4D1F68D7D800E0F661 /* Frameworks */ = {
			isa = PBXFrameworksBuildPhase;
			buildActionMask = 2147483647;
			files = (
			);
			runOnlyForDeploymentPostprocessing = 0;
		};
/* End PBXFrameworksBuildPhase section */

/* Begin PBXGroup section */
		3F044A8F1FD7AFB600D31BAA /* class */ = {
			isa = PBXGroup;
			children = (
				3F044A941FD7B05C00D31BAA /* other */,
				3F044A911FD7AFF500D31BAA /* model */,
				3F044A921FD7AFFB00D31BAA /* view */,
				3F044A901FD7AFDB00D31BAA /* controller */,
			);
			path = class;
			sourceTree = "<group>";
		};
		3F044A901FD7AFDB00D31BAA /* controller */ = {
			isa = PBXGroup;
			children = (
				3F6CAA351F68D7D800E0F661 /* ViewController.h */,
				3F6CAA361F68D7D800E0F661 /* ViewController.m */,
			);
			path = controller;
			sourceTree = "<group>";
		};
		3F044A911FD7AFF500D31BAA /* model */ = {
			isa = PBXGroup;
			children = (
				3F2228B91F6CBE020025AD5C /* YHWine.h */,
				3F2228BA1F6CBE020025AD5C /* YHWine.m */,
			);
			path = model;
			sourceTree = "<group>";
		};
		3F044A921FD7AFFB00D31BAA /* view */ = {
			isa = PBXGroup;
			children = (
				3F6CAA651F6903C300E0F661 /* CustomButton.h */,
				3F6CAA661F6903C300E0F661 /* CustomButton.m */,
				3FD6E6561F6A5FBB00642473 /* YHbutton.h */,
				3FD6E6571F6A5FBB00642473 /* YHbutton.m */,
				3F6CAA621F68D9C700E0F661 /* CustomTableViewCell.h */,
				3F6CAA631F68D9C700E0F661 /* CustomTableViewCell.m */,
			);
			path = view;
			sourceTree = "<group>";
		};
		3F044A931FD7B04000D31BAA /* third */ = {
			isa = PBXGroup;
			children = (
				3F2228BC1F6CC01B0025AD5C /* MJExtension */,
			);
			path = third;
			sourceTree = "<group>";
		};
		3F044A941FD7B05C00D31BAA /* other */ = {
			isa = PBXGroup;
			children = (
				3F6CAA381F68D7D800E0F661 /* Main.storyboard */,
				3F6CAA321F68D7D800E0F661 /* AppDelegate.h */,
				3F6CAA331F68D7D800E0F661 /* AppDelegate.m */,
				3F7BBF7B1FD7BBDD00E6FAD2 /* wine.plist */,
			);
			path = other;
			sourceTree = "<group>";
		};
		3F2228B81F6CBCC40025AD5C /* 购物车 */ = {
			isa = PBXGroup;
			children = (
				3F044A931FD7B04000D31BAA /* third */,
				3F044A8F1FD7AFB600D31BAA /* class */,
			);
			name = "购物车";
			sourceTree = "<group>";
		};
		3F2228BC1F6CC01B0025AD5C /* MJExtension */ = {
			isa = PBXGroup;
			children = (
				3F2228BD1F6CC01B0025AD5C /* MJExtension.h */,
				3F2228BE1F6CC01B0025AD5C /* MJExtensionConst.h */,
				3F2228BF1F6CC01B0025AD5C /* MJExtensionConst.m */,
				3F2228C01F6CC01B0025AD5C /* MJFoundation.h */,
				3F2228C11F6CC01B0025AD5C /* MJFoundation.m */,
				3F2228C21F6CC01B0025AD5C /* MJProperty.h */,
				3F2228C31F6CC01B0025AD5C /* MJProperty.m */,
				3F2228C41F6CC01B0025AD5C /* MJPropertyKey.h */,
				3F2228C51F6CC01B0025AD5C /* MJPropertyKey.m */,
				3F2228C61F6CC01B0025AD5C /* MJPropertyType.h */,
				3F2228C71F6CC01B0025AD5C /* MJPropertyType.m */,
				3F2228C81F6CC01B0025AD5C /* NSObject+MJClass.h */,
				3F2228C91F6CC01B0025AD5C /* NSObject+MJClass.m */,
				3F2228CA1F6CC01B0025AD5C /* NSObject+MJCoding.h */,
				3F2228CB1F6CC01B0025AD5C /* NSObject+MJCoding.m */,
				3F2228CC1F6CC01B0025AD5C /* NSObject+MJKeyValue.h */,
				3F2228CD1F6CC01B0025AD5C /* NSObject+MJKeyValue.m */,
				3F2228CE1F6CC01B0025AD5C /* NSObject+MJProperty.h */,
				3F2228CF1F6CC01B0025AD5C /* NSObject+MJProperty.m */,
				3F2228D01F6CC01B0025AD5C /* NSString+MJExtension.h */,
				3F2228D11F6CC01B0025AD5C /* NSString+MJExtension.m */,
			);
			path = MJExtension;
			sourceTree = "<group>";
		};
		3F6CAA231F68D7D700E0F661 = {
			isa = PBXGroup;
			children = (
				3F6CAA2E1F68D7D800E0F661 /* UITableView */,
				3F6CAA481F68D7D800E0F661 /* UITableViewTests */,
				3F6CAA531F68D7D800E0F661 /* UITableViewUITests */,
				3F6CAA2D1F68D7D800E0F661 /* Products */,
			);
			sourceTree = "<group>";
		};
		3F6CAA2D1F68D7D800E0F661 /* Products */ = {
			isa = PBXGroup;
			children = (
				3F6CAA2C1F68D7D800E0F661 /* UITableView.app */,
				3F6CAA451F68D7D800E0F661 /* UITableViewTests.xctest */,
				3F6CAA501F68D7D800E0F661 /* UITableViewUITests.xctest */,
			);
			name = Products;
			sourceTree = "<group>";
		};
		3F6CAA2E1F68D7D800E0F661 /* UITableView */ = {
			isa = PBXGroup;
			children = (
				3F2228B81F6CBCC40025AD5C /* 购物车 */,
				3F6CAA3B1F68D7D800E0F661 /* Assets.xcassets */,
				3F6CAA3D1F68D7D800E0F661 /* LaunchScreen.storyboard */,
				3F6CAA401F68D7D800E0F661 /* Info.plist */,
				3F6CAA2F1F68D7D800E0F661 /* Supporting Files */,
			);
			path = UITableView;
			sourceTree = "<group>";
		};
		3F6CAA2F1F68D7D800E0F661 /* Supporting Files */ = {
			isa = PBXGroup;
			children = (
				3F044A961FD7B06F00D31BAA /* wine.plist */,
				3F6CAA301F68D7D800E0F661 /* main.m */,
			);
			name = "Supporting Files";
			sourceTree = "<group>";
		};
		3F6CAA481F68D7D800E0F661 /* UITableViewTests */ = {
			isa = PBXGroup;
			children = (
				3F6CAA491F68D7D800E0F661 /* UITableViewTests.m */,
				3F6CAA4B1F68D7D800E0F661 /* Info.plist */,
			);
			path = UITableViewTests;
			sourceTree = "<group>";
		};
		3F6CAA531F68D7D800E0F661 /* UITableViewUITests */ = {
			isa = PBXGroup;
			children = (
				3F6CAA541F68D7D800E0F661 /* UITableViewUITests.m */,
				3F6CAA561F68D7D800E0F661 /* Info.plist */,
			);
			path = UITableViewUITests;
			sourceTree = "<group>";
		};
/* End PBXGroup section */

/* Begin PBXNativeTarget section */
		3F6CAA2B1F68D7D800E0F661 /* UITableView */ = {
			isa = PBXNativeTarget;
			buildConfigurationList = 3F6CAA591F68D7D800E0F661 /* Build configuration list for PBXNativeTarget "UITableView" */;
			buildPhases = (
				3F6CAA281F68D7D800E0F661 /* Sources */,
				3F6CAA291F68D7D800E0F661 /* Frameworks */,
				3F6CAA2A1F68D7D800E0F661 /* Resources */,
			);
			buildRules = (
			);
			dependencies = (
			);
			name = UITableView;
			productName = UITableView;
			productReference = 3F6CAA2C1F68D7D800E0F661 /* UITableView.app */;
			productType = "com.apple.product-type.application";
		};
		3F6CAA441F68D7D800E0F661 /* UITableViewTests */ = {
			isa = PBXNativeTarget;
			buildConfigurationList = 3F6CAA5C1F68D7D800E0F661 /* Build configuration list for PBXNativeTarget "UITableViewTests" */;
			buildPhases = (
				3F6CAA411F68D7D800E0F661 /* Sources */,
				3F6CAA421F68D7D800E0F661 /* Frameworks */,
				3F6CAA431F68D7D800E0F661 /* Resources */,
			);
			buildRules = (
			);
			dependencies = (
				3F6CAA471F68D7D800E0F661 /* PBXTargetDependency */,
			);
			name = UITableViewTests;
			productName = UITableViewTests;
			productReference = 3F6CAA451F68D7D800E0F661 /* UITableViewTests.xctest */;
			productType = "com.apple.product-type.bundle.unit-test";
		};
		3F6CAA4F1F68D7D800E0F661 /* UITableViewUITests */ = {
			isa = PBXNativeTarget;
			buildConfigurationList = 3F6CAA5F1F68D7D800E0F661 /* Build configuration list for PBXNativeTarget "UITableViewUITests" */;
			buildPhases = (
				3F6CAA4C1F68D7D800E0F661 /* Sources */,
				3F6CAA4D1F68D7D800E0F661 /* Frameworks */,
				3F6CAA4E1F68D7D800E0F661 /* Resources */,
			);
			buildRules = (
			);
			dependencies = (
				3F6CAA521F68D7D800E0F661 /* PBXTargetDependency */,
			);
			name = UITableViewUITests;
			productName = UITableViewUITests;
			productReference = 3F6CAA501F68D7D800E0F661 /* UITableViewUITests.xctest */;
			productType = "com.apple.product-type.bundle.ui-testing";
		};
/* End PBXNativeTarget section */

/* Begin PBXProject section */
		3F6CAA241F68D7D800E0F661 /* Project object */ = {
			isa = PBXProject;
			attributes = {
				CLASSPREFIX = QYH;
				LastUpgradeCheck = 0800;
				ORGANIZATIONNAME = hao;
				TargetAttributes = {
					3F6CAA2B1F68D7D800E0F661 = {
						CreatedOnToolsVersion = 8.0;
						ProvisioningStyle = Manual;
					};
					3F6CAA441F68D7D800E0F661 = {
						CreatedOnToolsVersion = 8.0;
						ProvisioningStyle = Automatic;
						TestTargetID = 3F6CAA2B1F68D7D800E0F661;
					};
					3F6CAA4F1F68D7D800E0F661 = {
						CreatedOnToolsVersion = 8.0;
						ProvisioningStyle = Automatic;
						TestTargetID = 3F6CAA2B1F68D7D800E0F661;
					};
				};
			};
			buildConfigurationList = 3F6CAA271F68D7D800E0F661 /* Build configuration list for PBXProject "UITableView" */;
			compatibilityVersion = "Xcode 3.2";
			developmentRegion = English;
			hasScannedForEncodings = 0;
			knownRegions = (
				en,
				Base,
			);
			mainGroup = 3F6CAA231F68D7D700E0F661;
			productRefGroup = 3F6CAA2D1F68D7D800E0F661 /* Products */;
			projectDirPath = "";
			projectRoot = "";
			targets = (
				3F6CAA2B1F68D7D800E0F661 /* UITableView */,
				3F6CAA441F68D7D800E0F661 /* UITableViewTests */,
				3F6CAA4F1F68D7D800E0F661 /* UITableViewUITests */,
			);
		};
/* End PBXProject section */

/* Begin PBXResourcesBuildPhase section */
		3F6CAA2A1F68D7D800E0F661 /* Resources */ = {
			isa = PBXResourcesBuildPhase;
			buildActionMask = 2147483647;
			files = (
				3F6CAA3F1F68D7D800E0F661 /* LaunchScreen.storyboard in Resources */,
				3F6CAA3C1F68D7D800E0F661 /* Assets.xcassets in Resources */,
				3F6CAA3A1F68D7D800E0F661 /* Main.storyboard in Resources */,
				3F7BBF7C1FD7BBDD00E6FAD2 /* wine.plist in Resources */,
			);
			runOnlyForDeploymentPostprocessing = 0;
		};
		3F6CAA431F68D7D800E0F661 /* Resources */ = {
			isa = PBXResourcesBuildPhase;
			buildActionMask = 2147483647;
			files = (
			);
			runOnlyForDeploymentPostprocessing = 0;
		};
		3F6CAA4E1F68D7D800E0F661 /* Resources */ = {
			isa = PBXResourcesBuildPhase;
			buildActionMask = 2147483647;
			files = (
			);
			runOnlyForDeploymentPostprocessing = 0;
		};
/* End PBXResourcesBuildPhase section */

/* Begin PBXSourcesBuildPhase section */
		3F6CAA281F68D7D800E0F661 /* Sources */ = {
			isa = PBXSourcesBuildPhase;
			buildActionMask = 2147483647;
			files = (
				3F2228D81F6CC01B0025AD5C /* NSObject+MJCoding.m in Sources */,
				3F2228D21F6CC01B0025AD5C /* MJExtensionConst.m in Sources */,
				3F2228D71F6CC01B0025AD5C /* NSObject+MJClass.m in Sources */,
				3F2228D51F6CC01B0025AD5C /* MJPropertyKey.m in Sources */,
				3F2228BB1F6CBE020025AD5C /* YHWine.m in Sources */,
				3F6CAA371F68D7D800E0F661 /* ViewController.m in Sources */,
				3F2228D41F6CC01B0025AD5C /* MJProperty.m in Sources */,
				3F2228D31F6CC01B0025AD5C /* MJFoundation.m in Sources */,
				3F6CAA671F6903C300E0F661 /* CustomButton.m in Sources */,
				3FD6E6581F6A5FBB00642473 /* YHbutton.m in Sources */,
				3F6CAA341F68D7D800E0F661 /* AppDelegate.m in Sources */,
				3F2228D61F6CC01B0025AD5C /* MJPropertyType.m in Sources */,
				3F6CAA641F68D9C700E0F661 /* CustomTableViewCell.m in Sources */,
				3F2228D91F6CC01B0025AD5C /* NSObject+MJKeyValue.m in Sources */,
				3F2228DB1F6CC01B0025AD5C /* NSString+MJExtension.m in Sources */,
				3F6CAA311F68D7D800E0F661 /* main.m in Sources */,
				3F2228DA1F6CC01B0025AD5C /* NSObject+MJProperty.m in Sources */,
			);
			runOnlyForDeploymentPostprocessing = 0;
		};
		3F6CAA411F68D7D800E0F661 /* Sources */ = {
			isa = PBXSourcesBuildPhase;
			buildActionMask = 2147483647;
			files = (
				3F6CAA4A1F68D7D800E0F661 /* UITableViewTests.m in Sources */,
			);
			runOnlyForDeploymentPostprocessing = 0;
		};
		3F6CAA4C1F68D7D800E0F661 /* Sources */ = {
			isa = PBXSourcesBuildPhase;
			buildActionMask = 2147483647;
			files = (
				3F6CAA551F68D7D800E0F661 /* UITableViewUITests.m in Sources */,
			);
			runOnlyForDeploymentPostprocessing = 0;
		};
/* End PBXSourcesBuildPhase section */

/* Begin PBXTargetDependency section */
		3F6CAA471F68D7D800E0F661 /* PBXTargetDependency */ = {
			isa = PBXTargetDependency;
			target = 3F6CAA2B1F68D7D800E0F661 /* UITableView */;
			targetProxy = 3F6CAA461F68D7D800E0F661 /* PBXContainerItemProxy */;
		};
		3F6CAA521F68D7D800E0F661 /* PBXTargetDependency */ = {
			isa = PBXTargetDependency;
			target = 3F6CAA2B1F68D7D800E0F661 /* UITableView */;
			targetProxy = 3F6CAA511F68D7D800E0F661 /* PBXContainerItemProxy */;
		};
/* End PBXTargetDependency section */

/* Begin PBXVariantGroup section */
		3F6CAA381F68D7D800E0F661 /* Main.storyboard */ = {
			isa = PBXVariantGroup;
			children = (
				3F6CAA391F68D7D800E0F661 /* Base */,
			);
			name = Main.storyboard;
			sourceTree = "<group>";
		};
		3F6CAA3D1F68D7D800E0F661 /* LaunchScreen.storyboard */ = {
			isa = PBXVariantGroup;
			children = (
				3F6CAA3E1F68D7D800E0F661 /* Base */,
			);
			name = LaunchScreen.storyboard;
			sourceTree = "<group>";
		};
/* End PBXVariantGroup section */

/* Begin XCBuildConfiguration section */
		3F6CAA571F68D7D800E0F661 /* Debug */ = {
			isa = XCBuildConfiguration;
			buildSettings = {
				ALWAYS_SEARCH_USER_PATHS = NO;
				CLANG_ANALYZER_NONNULL = YES;
				CLANG_CXX_LANGUAGE_STANDARD = "gnu++0x";
				CLANG_CXX_LIBRARY = "libc++";
				CLANG_ENABLE_MODULES = YES;
				CLANG_ENABLE_OBJC_ARC = YES;
				CLANG_WARN_BOOL_CONVERSION = YES;
				CLANG_WARN_CONSTANT_CONVERSION = YES;
				CLANG_WARN_DIRECT_OBJC_ISA_USAGE = YES_ERROR;
				CLANG_WARN_DOCUMENTATION_COMMENTS = YES;
				CLANG_WARN_EMPTY_BODY = YES;
				CLANG_WARN_ENUM_CONVERSION = YES;
				CLANG_WARN_INFINITE_RECURSION = YES;
				CLANG_WARN_INT_CONVERSION = YES;
				CLANG_WARN_OBJC_ROOT_CLASS = YES_ERROR;
				CLANG_WARN_SUSPICIOUS_MOVES = YES;
				CLANG_WARN_UNREACHABLE_CODE = YES;
				CLANG_WARN__DUPLICATE_METHOD_MATCH = YES;
				"CODE_SIGN_IDENTITY[sdk=iphoneos*]" = "iPhone Developer";
				COPY_PHASE_STRIP = NO;
				DEBUG_INFORMATION_FORMAT = dwarf;
				ENABLE_STRICT_OBJC_MSGSEND = YES;
				ENABLE_TESTABILITY = YES;
				GCC_C_LANGUAGE_STANDARD = gnu99;
				GCC_DYNAMIC_NO_PIC = NO;
				GCC_NO_COMMON_BLOCKS = YES;
				GCC_OPTIMIZATION_LEVEL = 0;
				GCC_PREPROCESSOR_DEFINITIONS = (
					"DEBUG=1",
					"$(inherited)",
				);
				GCC_WARN_64_TO_32_BIT_CONVERSION = YES;
				GCC_WARN_ABOUT_RETURN_TYPE = YES_ERROR;
				GCC_WARN_UNDECLARED_SELECTOR = YES;
				GCC_WARN_UNINITIALIZED_AUTOS = YES_AGGRESSIVE;
				GCC_WARN_UNUSED_FUNCTION = YES;
				GCC_WARN_UNUSED_VARIABLE = YES;
				IPHONEOS_DEPLOYMENT_TARGET = 10.0;
				MTL_ENABLE_DEBUG_INFO = YES;
				ONLY_ACTIVE_ARCH = YES;
				SDKROOT = iphoneos;
			};
			name = Debug;
		};
		3F6CAA581F68D7D800E0F661 /* Release */ = {
			isa = XCBuildConfiguration;
			buildSettings = {
				ALWAYS_SEARCH_USER_PATHS = NO;
				CLANG_ANALYZER_NONNULL = YES;
				CLANG_CXX_LANGUAGE_STANDARD = "gnu++0x";
				CLANG_CXX_LIBRARY = "libc++";
				CLANG_ENABLE_MODULES = YES;
				CLANG_ENABLE_OBJC_ARC = YES;
				CLANG_WARN_BOOL_CONVERSION = YES;
				CLANG_WARN_CONSTANT_CONVERSION = YES;
				CLANG_WARN_DIRECT_OBJC_ISA_USAGE = YES_ERROR;
				CLANG_WARN_DOCUMENTATION_COMMENTS = YES;
				CLANG_WARN_EMPTY_BODY = YES;
				CLANG_WARN_ENUM_CONVERSION = YES;
				CLANG_WARN_INFINITE_RECURSION = YES;
				CLANG_WARN_INT_CONVERSION = YES;
				CLANG_WARN_OBJC_ROOT_CLASS = YES_ERROR;
				CLANG_WARN_SUSPICIOUS_MOVES = YES;
				CLANG_WARN_UNREACHABLE_CODE = YES;
				CLANG_WARN__DUPLICATE_METHOD_MATCH = YES;
				"CODE_SIGN_IDENTITY[sdk=iphoneos*]" = "iPhone Developer";
				COPY_PHASE_STRIP = NO;
				DEBUG_INFORMATION_FORMAT = "dwarf-with-dsym";
				ENABLE_NS_ASSERTIONS = NO;
				ENABLE_STRICT_OBJC_MSGSEND = YES;
				GCC_C_LANGUAGE_STANDARD = gnu99;
				GCC_NO_COMMON_BLOCKS = YES;
				GCC_WARN_64_TO_32_BIT_CONVERSION = YES;
				GCC_WARN_ABOUT_RETURN_TYPE = YES_ERROR;
				GCC_WARN_UNDECLARED_SELECTOR = YES;
				GCC_WARN_UNINITIALIZED_AUTOS = YES_AGGRESSIVE;
				GCC_WARN_UNUSED_FUNCTION = YES;
				GCC_WARN_UNUSED_VARIABLE = YES;
				IPHONEOS_DEPLOYMENT_TARGET = 10.0;
				MTL_ENABLE_DEBUG_INFO = NO;
				SDKROOT = iphoneos;
				VALIDATE_PRODUCT = YES;
			};
			name = Release;
		};
		3F6CAA5A1F68D7D800E0F661 /* Debug */ = {
			isa = XCBuildConfiguration;
			buildSettings = {
				ASSETCATALOG_COMPILER_APPICON_NAME = AppIcon;
				DEVELOPMENT_TEAM = "";
				INFOPLIST_FILE = UITableView/Info.plist;
				IPHONEOS_DEPLOYMENT_TARGET = 8.0;
				LD_RUNPATH_SEARCH_PATHS = "$(inherited) @executable_path/Frameworks";
				PRODUCT_BUNDLE_IDENTIFIER = com.qh.UITableView;
				PRODUCT_NAME = "$(TARGET_NAME)";
			};
			name = Debug;
		};
		3F6CAA5B1F68D7D800E0F661 /* Release */ = {
			isa = XCBuildConfiguration;
			buildSettings = {
				ASSETCATALOG_COMPILER_APPICON_NAME = AppIcon;
				DEVELOPMENT_TEAM = "";
				INFOPLIST_FILE = UITableView/Info.plist;
				IPHONEOS_DEPLOYMENT_TARGET = 8.0;
				LD_RUNPATH_SEARCH_PATHS = "$(inherited) @executable_path/Frameworks";
				PRODUCT_BUNDLE_IDENTIFIER = com.qh.UITableView;
				PRODUCT_NAME = "$(TARGET_NAME)";
			};
			name = Release;
		};
		3F6CAA5D1F68D7D800E0F661 /* Debug */ = {
			isa = XCBuildConfiguration;
			buildSettings = {
				BUNDLE_LOADER = "$(TEST_HOST)";
				INFOPLIST_FILE = UITableViewTests/Info.plist;
				LD_RUNPATH_SEARCH_PATHS = "$(inherited) @executable_path/Frameworks @loader_path/Frameworks";
				PRODUCT_BUNDLE_IDENTIFIER = com.qh.UITableViewTests;
				PRODUCT_NAME = "$(TARGET_NAME)";
				TEST_HOST = "$(BUILT_PRODUCTS_DIR)/UITableView.app/UITableView";
			};
			name = Debug;
		};
		3F6CAA5E1F68D7D800E0F661 /* Release */ = {
			isa = XCBuildConfiguration;
			buildSettings = {
				BUNDLE_LOADER = "$(TEST_HOST)";
				INFOPLIST_FILE = UITableViewTests/Info.plist;
				LD_RUNPATH_SEARCH_PATHS = "$(inherited) @executable_path/Frameworks @loader_path/Frameworks";
				PRODUCT_BUNDLE_IDENTIFIER = com.qh.UITableViewTests;
				PRODUCT_NAME = "$(TARGET_NAME)";
				TEST_HOST = "$(BUILT_PRODUCTS_DIR)/UITableView.app/UITableView";
			};
			name = Release;
		};
		3F6CAA601F68D7D800E0F661 /* Debug */ = {
			isa = XCBuildConfiguration;
			buildSettings = {
				INFOPLIST_FILE = UITableViewUITests/Info.plist;
				LD_RUNPATH_SEARCH_PATHS = "$(inherited) @executable_path/Frameworks @loader_path/Frameworks";
				PRODUCT_BUNDLE_IDENTIFIER = com.qh.UITableViewUITests;
				PRODUCT_NAME = "$(TARGET_NAME)";
				TEST_TARGET_NAME = UITableView;
			};
			name = Debug;
		};
		3F6CAA611F68D7D800E0F661 /* Release */ = {
			isa = XCBuildConfiguration;
			buildSettings = {
				INFOPLIST_FILE = UITableViewUITests/Info.plist;
				LD_RUNPATH_SEARCH_PATHS = "$(inherited) @executable_path/Frameworks @loader_path/Frameworks";
				PRODUCT_BUNDLE_IDENTIFIER = com.qh.UITableViewUITests;
				PRODUCT_NAME = "$(TARGET_NAME)";
				TEST_TARGET_NAME = UITableView;
			};
			name = Release;
		};
/* End XCBuildConfiguration section */

/* Begin XCConfigurationList section */
		3F6CAA271F68D7D800E0F661 /* Build configuration list for PBXProject "UITableView" */ = {
			isa = XCConfigurationList;
			buildConfigurations = (
				3F6CAA571F68D7D800E0F661 /* Debug */,
				3F6CAA581F68D7D800E0F661 /* Release */,
			);
			defaultConfigurationIsVisible = 0;
			defaultConfigurationName = Release;
		};
		3F6CAA591F68D7D800E0F661 /* Build configuration list for PBXNativeTarget "UITableView" */ = {
			isa = XCConfigurationList;
			buildConfigurations = (
				3F6CAA5A1F68D7D800E0F661 /* Debug */,
				3F6CAA5B1F68D7D800E0F661 /* Release */,
			);
			defaultConfigurationIsVisible = 0;
			defaultConfigurationName = Release;
		};
		3F6CAA5C1F68D7D800E0F661 /* Build configuration list for PBXNativeTarget "UITableViewTests" */ = {
			isa = XCConfigurationList;
			buildConfigurations = (
				3F6CAA5D1F68D7D800E0F661 /* Debug */,
				3F6CAA5E1F68D7D800E0F661 /* Release */,
			);
			defaultConfigurationIsVisible = 0;
			defaultConfigurationName = Release;
		};
		3F6CAA5F1F68D7D800E0F661 /* Build configuration list for PBXNativeTarget "UITableViewUITests" */ = {
			isa = XCConfigurationList;
			buildConfigurations = (
				3F6CAA601F68D7D800E0F661 /* Debug */,
				3F6CAA611F68D7D800E0F661 /* Release */,
			);
			defaultConfigurationIsVisible = 0;
			defaultConfigurationName = Release;
		};
/* End XCConfigurationList section */
	};
	rootObject = 3F6CAA241F68D7D800E0F661 /* Project object */;
}
